github.com/pires/go-proxyproto v0.8.0 h1:5unRmEAPbHXHuLjDg01CxJWf91cw3lKHc/0xzKpXEe0=
github.com/pires/go-proxyproto v0.8.0/go.mod h1:iknsfgnH8EkjrMeMyvfKByp9TiBZCKZM0jx2xmKqnVY=
github.com/pires/go-proxyproto v0.12.0 h1:TTCxD66dU898tahivkqc3hoceZp7P44FnorWyo9d5vM=
github.com/pires/go-proxyproto v0.12.0/go.mod h1:qUvfqUMEoX7T8g0q7TQLDnhMjdTrxnG0hvpMn+7ePNI=
